
Microsoft Visual Studio Solution File, Format Version 12.00
# Visual Studio 15
VisualStudioVersion = 15.0.27130.2024
MinimumVisualStudioVersion = 10.0.40219.1
Project("{8BC9CEB8-8B4A-11D0-8D11-00A0C91BC942}") = "Oving4", "Oving4\Oving4.vcxproj", "{E71570AD-B3C3-423F-91D5-555C3D9503A2}"
EndProject
Global
	GlobalSection(SolutionConfigurationPlatforms) = preSolution
		Debug|x64 = Debug|x64
		Debug|x86 = Debug|x86
		Release|x64 = Release|x64
		Release|x86 = Release|x86
	EndGlobalSection
	GlobalSection(ProjectConfigurationPlatforms) = postSolution
		{E71570AD-B3C3-423F-91D5-555C3D9503A2}.Debug|x64.ActiveCfg = Debug|x64
		{E71570AD-B3C3-423F-91D5-555C3D9503A2}.Debug|x64.Build.0 = Debug|x64
		{E71570AD-B3C3-423F-91D5-555C3D9503A2}.Debug|x86.ActiveCfg = Debug|Win32
		{E71570AD-B3C3-423F-91D5-555C3D9503A2}.Debug|x86.Build.0 = Debug|Win32
		{E71570AD-B3C3-423F-91D5-555C3D9503A2}.Release|x64.ActiveCfg = Release|x64
		{E71570AD-B3C3-423F-91D5-555C3D9503A2}.Release|x64.Build.0 = Release|x64
		{E71570AD-B3C3-423F-91D5-555C3D9503A2}.Release|x86.ActiveCfg = Release|Win32
		{E71570AD-B3C3-423F-91D5-555C3D9503A2}.Release|x86.Build.0 = Release|Win32
	EndGlobalSection
	GlobalSection(SolutionProperties) = preSolution
		HideSolutionNode = FALSE
	EndGlobalSection
	GlobalSection(ExtensibilityGlobals) = postSolution
		SolutionGuid = {23955BBA-0D85-4139-BA0A-CCBDE6625151}
	EndGlobalSection
EndGlobal
